// !$*UTF8*$!
{
	archiveVersion = 1;
	classes = {
	};
	objectVersion = 51;
	objects = {

/* Begin PBXBuildFile section */
		2835CA5E69B4A83D0A477E33 /* Pods_MiaryTests.framework in Frameworks */ = {isa = PBXBuildFile; fileRef = 9800BF288E152B9E5A0079BA /* Pods_MiaryTests.framework */; };
		7801B0D32414E77A009B796E /* MNavigationBar.swift in Sources */ = {isa = PBXBuildFile; fileRef = 7801B0D22414E77A009B796E /* MNavigationBar.swift */; };
		7801B0D52414E782009B796E /* MNavigationBar.xib in Resources */ = {isa = PBXBuildFile; fileRef = 7801B0D42414E782009B796E /* MNavigationBar.xib */; };
		7801B0D824150641009B796E /* FeedCreationViewController.swift in Sources */ = {isa = PBXBuildFile; fileRef = 7801B0D724150641009B796E /* FeedCreationViewController.swift */; };
		7801B0DB241506FE009B796E /* FeedSortView.swift in Sources */ = {isa = PBXBuildFile; fileRef = 7801B0DA241506FE009B796E /* FeedSortView.swift */; };
		7801B0DD24150C49009B796E /* FeedSortView.xib in Resources */ = {isa = PBXBuildFile; fileRef = 7801B0DC24150C49009B796E /* FeedSortView.xib */; };
		78141088240AAB37003FE0B2 /* Splash.storyboard in Resources */ = {isa = PBXBuildFile; fileRef = 78141087240AAB37003FE0B2 /* Splash.storyboard */; };
		7814108B240AABDD003FE0B2 /* SplashViewController.swift in Sources */ = {isa = PBXBuildFile; fileRef = 7814108A240AABDD003FE0B2 /* SplashViewController.swift */; };
		781F0DBF240A75B5004BEA26 /* AppDelegate.swift in Sources */ = {isa = PBXBuildFile; fileRef = 781F0DBE240A75B5004BEA26 /* AppDelegate.swift */; };
		781F0DC6240A75B5004BEA26 /* Main.storyboard in Resources */ = {isa = PBXBuildFile; fileRef = 781F0DC4240A75B5004BEA26 /* Main.storyboard */; };
		781F0DC8240A75B6004BEA26 /* Assets.xcassets in Resources */ = {isa = PBXBuildFile; fileRef = 781F0DC7240A75B6004BEA26 /* Assets.xcassets */; };
		781F0DCB240A75B6004BEA26 /* LaunchScreen.storyboard in Resources */ = {isa = PBXBuildFile; fileRef = 781F0DC9240A75B6004BEA26 /* LaunchScreen.storyboard */; };
		781F0DD6240A75B6004BEA26 /* MiaryTests.swift in Sources */ = {isa = PBXBuildFile; fileRef = 781F0DD5240A75B6004BEA26 /* MiaryTests.swift */; };
		783EF3A6241D29AC003E5326 /* FeedView.swift in Sources */ = {isa = PBXBuildFile; fileRef = 783EF3A4241D29AC003E5326 /* FeedView.swift */; };
		783EF3A7241D29AC003E5326 /* FeedView.xib in Resources */ = {isa = PBXBuildFile; fileRef = 783EF3A5241D29AC003E5326 /* FeedView.xib */; };
		783EF3A9241D2C15003E5326 /* FeedItem.swift in Sources */ = {isa = PBXBuildFile; fileRef = 783EF3A8241D2C15003E5326 /* FeedItem.swift */; };
		783EF3AC241D2E8D003E5326 /* RealmDatabaseModel.swift in Sources */ = {isa = PBXBuildFile; fileRef = 783EF3AB241D2E8D003E5326 /* RealmDatabaseModel.swift */; };
		783EF3DC241DF6F8003E5326 /* FeedDetailViewController.swift in Sources */ = {isa = PBXBuildFile; fileRef = 783EF3DB241DF6F8003E5326 /* FeedDetailViewController.swift */; };
		783EF3E1241E0C78003E5326 /* PlayListSummaryView.xib in Resources */ = {isa = PBXBuildFile; fileRef = 783EF3E0241E0C78003E5326 /* PlayListSummaryView.xib */; };
		783EF3E2241E0F21003E5326 /* PlayListSummaryView.swift in Sources */ = {isa = PBXBuildFile; fileRef = 783EF3DD241E0C5B003E5326 /* PlayListSummaryView.swift */; };
		783EF3E5241E1397003E5326 /* PlayListSummaryTableViewCell.swift in Sources */ = {isa = PBXBuildFile; fileRef = 783EF3E3241E1397003E5326 /* PlayListSummaryTableViewCell.swift */; };
		783EF3E6241E1397003E5326 /* PlayListSummaryTableViewCell.xib in Resources */ = {isa = PBXBuildFile; fileRef = 783EF3E4241E1397003E5326 /* PlayListSummaryTableViewCell.xib */; };
		783EF3E9241E1527003E5326 /* PlayListItem.swift in Sources */ = {isa = PBXBuildFile; fileRef = 783EF3E8241E1527003E5326 /* PlayListItem.swift */; };
		786A025E2414C55E0048C561 /* MusicApi.swift in Sources */ = {isa = PBXBuildFile; fileRef = 786A025D2414C55E0048C561 /* MusicApi.swift */; };
		786A02602414C6670048C561 /* MusicModel.swift in Sources */ = {isa = PBXBuildFile; fileRef = 786A025F2414C6670048C561 /* MusicModel.swift */; };
		786A02632414CD290048C561 /* FeedViewController.swift in Sources */ = {isa = PBXBuildFile; fileRef = 786A02622414CD290048C561 /* FeedViewController.swift */; };
		786A02652414D0AE0048C561 /* Dock.swift in Sources */ = {isa = PBXBuildFile; fileRef = 786A02642414D0AE0048C561 /* Dock.swift */; };
		786A02682414D66D0048C561 /* ProfileViewController.swift in Sources */ = {isa = PBXBuildFile; fileRef = 786A02672414D66D0048C561 /* ProfileViewController.swift */; };
		786A026C2414DD770048C561 /* WeatherApi.swift in Sources */ = {isa = PBXBuildFile; fileRef = 786A026B2414DD770048C561 /* WeatherApi.swift */; };
		786A02702414DDD90048C561 /* PlayListViewController.swift in Sources */ = {isa = PBXBuildFile; fileRef = 786A026F2414DDD90048C561 /* PlayListViewController.swift */; };
		786A02722414E2910048C561 /* FeedViewModel.swift in Sources */ = {isa = PBXBuildFile; fileRef = 786A02712414E2910048C561 /* FeedViewModel.swift */; };
		D7C8EBB5DDA08BD8D5A9F269 /* Pods_Miary.framework in Frameworks */ = {isa = PBXBuildFile; fileRef = 4CC18D54F74CF78B23A2AE75 /* Pods_Miary.framework */; };
/* End PBXBuildFile section */

/* Begin PBXContainerItemProxy section */
		781F0DD2240A75B6004BEA26 /* PBXContainerItemProxy */ = {
			isa = PBXContainerItemProxy;
			containerPortal = 781F0DB3240A75B4004BEA26 /* Project object */;
			proxyType = 1;
			remoteGlobalIDString = 781F0DBA240A75B5004BEA26;
			remoteInfo = Miary;
		};
/* End PBXContainerItemProxy section */

/* Begin PBXFileReference section */
		4CC18D54F74CF78B23A2AE75 /* Pods_Miary.framework */ = {isa = PBXFileReference; explicitFileType = wrapper.framework; includeInIndex = 0; path = Pods_Miary.framework; sourceTree = BUILT_PRODUCTS_DIR; };
		7801B0D22414E77A009B796E /* MNavigationBar.swift */ = {isa = PBXFileReference; lastKnownFileType = sourcecode.swift; path = MNavigationBar.swift; sourceTree = "<group>"; };
		7801B0D42414E782009B796E /* MNavigationBar.xib */ = {isa = PBXFileReference; lastKnownFileType = file.xib; path = MNavigationBar.xib; sourceTree = "<group>"; };
		7801B0D724150641009B796E /* FeedCreationViewController.swift */ = {isa = PBXFileReference; lastKnownFileType = sourcecode.swift; path = FeedCreationViewController.swift; sourceTree = "<group>"; };
		7801B0DA241506FE009B796E /* FeedSortView.swift */ = {isa = PBXFileReference; lastKnownFileType = sourcecode.swift; path = FeedSortView.swift; sourceTree = "<group>"; };
		7801B0DC24150C49009B796E /* FeedSortView.xib */ = {isa = PBXFileReference; lastKnownFileType = file.xib; path = FeedSortView.xib; sourceTree = "<group>"; };
		78141087240AAB37003FE0B2 /* Splash.storyboard */ = {isa = PBXFileReference; lastKnownFileType = file.storyboard; path = Splash.storyboard; sourceTree = "<group>"; };
		7814108A240AABDD003FE0B2 /* SplashViewController.swift */ = {isa = PBXFileReference; lastKnownFileType = sourcecode.swift; path = SplashViewController.swift; sourceTree = "<group>"; };
		781F0DBB240A75B5004BEA26 /* Miary.app */ = {isa = PBXFileReference; explicitFileType = wrapper.application; includeInIndex = 0; path = Miary.app; sourceTree = BUILT_PRODUCTS_DIR; };
		781F0DBE240A75B5004BEA26 /* AppDelegate.swift */ = {isa = PBXFileReference; lastKnownFileType = sourcecode.swift; path = AppDelegate.swift; sourceTree = "<group>"; };
		781F0DC5240A75B5004BEA26 /* Base */ = {isa = PBXFileReference; lastKnownFileType = file.storyboard; name = Base; path = Base.lproj/Main.storyboard; sourceTree = "<group>"; };
		781F0DC7240A75B6004BEA26 /* Assets.xcassets */ = {isa = PBXFileReference; lastKnownFileType = folder.assetcatalog; path = Assets.xcassets; sourceTree = "<group>"; };
		781F0DCA240A75B6004BEA26 /* Base */ = {isa = PBXFileReference; lastKnownFileType = file.storyboard; name = Base; path = Base.lproj/LaunchScreen.storyboard; sourceTree = "<group>"; };
		781F0DCC240A75B6004BEA26 /* Info.plist */ = {isa = PBXFileReference; lastKnownFileType = text.plist.xml; path = Info.plist; sourceTree = "<group>"; };
		781F0DD1240A75B6004BEA26 /* MiaryTests.xctest */ = {isa = PBXFileReference; explicitFileType = wrapper.cfbundle; includeInIndex = 0; path = MiaryTests.xctest; sourceTree = BUILT_PRODUCTS_DIR; };
		781F0DD5240A75B6004BEA26 /* MiaryTests.swift */ = {isa = PBXFileReference; lastKnownFileType = sourcecode.swift; path = MiaryTests.swift; sourceTree = "<group>"; };
		781F0DD7240A75B6004BEA26 /* Info.plist */ = {isa = PBXFileReference; lastKnownFileType = text.plist.xml; path = Info.plist; sourceTree = "<group>"; };
		783468DF240A8197008F7410 /* Miary.entitlements */ = {isa = PBXFileReference; lastKnownFileType = text.plist.entitlements; path = Miary.entitlements; sourceTree = "<group>"; };
		783EF3A4241D29AC003E5326 /* FeedView.swift */ = {isa = PBXFileReference; lastKnownFileType = sourcecode.swift; path = FeedView.swift; sourceTree = "<group>"; };
		783EF3A5241D29AC003E5326 /* FeedView.xib */ = {isa = PBXFileReference; lastKnownFileType = file.xib; path = FeedView.xib; sourceTree = "<group>"; };
		783EF3A8241D2C15003E5326 /* FeedItem.swift */ = {isa = PBXFileReference; lastKnownFileType = sourcecode.swift; path = FeedItem.swift; sourceTree = "<group>"; };
		783EF3AB241D2E8D003E5326 /* RealmDatabaseModel.swift */ = {isa = PBXFileReference; lastKnownFileType = sourcecode.swift; path = RealmDatabaseModel.swift; sourceTree = "<group>"; };
		783EF3DB241DF6F8003E5326 /* FeedDetailViewController.swift */ = {isa = PBXFileReference; lastKnownFileType = sourcecode.swift; path = FeedDetailViewController.swift; sourceTree = "<group>"; };
		783EF3DD241E0C5B003E5326 /* PlayListSummaryView.swift */ = {isa = PBXFileReference; lastKnownFileType = sourcecode.swift; path = PlayListSummaryView.swift; sourceTree = "<group>"; };
		783EF3E0241E0C78003E5326 /* PlayListSummaryView.xib */ = {isa = PBXFileReference; lastKnownFileType = file.xib; path = PlayListSummaryView.xib; sourceTree = "<group>"; };
		783EF3E3241E1397003E5326 /* PlayListSummaryTableViewCell.swift */ = {isa = PBXFileReference; lastKnownFileType = sourcecode.swift; path = PlayListSummaryTableViewCell.swift; sourceTree = "<group>"; };
		783EF3E4241E1397003E5326 /* PlayListSummaryTableViewCell.xib */ = {isa = PBXFileReference; lastKnownFileType = file.xib; path = PlayListSummaryTableViewCell.xib; sourceTree = "<group>"; };
		783EF3E8241E1527003E5326 /* PlayListItem.swift */ = {isa = PBXFileReference; lastKnownFileType = sourcecode.swift; path = PlayListItem.swift; sourceTree = "<group>"; };
		786A025D2414C55E0048C561 /* MusicApi.swift */ = {isa = PBXFileReference; lastKnownFileType = sourcecode.swift; path = MusicApi.swift; sourceTree = "<group>"; };
		786A025F2414C6670048C561 /* MusicModel.swift */ = {isa = PBXFileReference; lastKnownFileType = sourcecode.swift; path = MusicModel.swift; sourceTree = "<group>"; };
		786A02622414CD290048C561 /* FeedViewController.swift */ = {isa = PBXFileReference; lastKnownFileType = sourcecode.swift; path = FeedViewController.swift; sourceTree = "<group>"; };
		786A02642414D0AE0048C561 /* Dock.swift */ = {isa = PBXFileReference; lastKnownFileType = sourcecode.swift; path = Dock.swift; sourceTree = "<group>"; };
		786A02672414D66D0048C561 /* ProfileViewController.swift */ = {isa = PBXFileReference; lastKnownFileType = sourcecode.swift; path = ProfileViewController.swift; sourceTree = "<group>"; };
		786A026B2414DD770048C561 /* WeatherApi.swift */ = {isa = PBXFileReference; lastKnownFileType = sourcecode.swift; path = WeatherApi.swift; sourceTree = "<group>"; };
		786A026F2414DDD90048C561 /* PlayListViewController.swift */ = {isa = PBXFileReference; lastKnownFileType = sourcecode.swift; path = PlayListViewController.swift; sourceTree = "<group>"; };
		786A02712414E2910048C561 /* FeedViewModel.swift */ = {isa = PBXFileReference; lastKnownFileType = sourcecode.swift; path = FeedViewModel.swift; sourceTree = "<group>"; };
		870A5C5608967C3D2FCDD548 /* Pods-Miary.release.xcconfig */ = {isa = PBXFileReference; includeInIndex = 1; lastKnownFileType = text.xcconfig; name = "Pods-Miary.release.xcconfig"; path = "Target Support Files/Pods-Miary/Pods-Miary.release.xcconfig"; sourceTree = "<group>"; };
		9800BF288E152B9E5A0079BA /* Pods_MiaryTests.framework */ = {isa = PBXFileReference; explicitFileType = wrapper.framework; includeInIndex = 0; path = Pods_MiaryTests.framework; sourceTree = BUILT_PRODUCTS_DIR; };
		C3FBEE8A5DFEE524643D0285 /* Pods-Miary.debug.xcconfig */ = {isa = PBXFileReference; includeInIndex = 1; lastKnownFileType = text.xcconfig; name = "Pods-Miary.debug.xcconfig"; path = "Target Support Files/Pods-Miary/Pods-Miary.debug.xcconfig"; sourceTree = "<group>"; };
		D0386002D4F4743B4ADB5DC7 /* Pods-MiaryTests.debug.xcconfig */ = {isa = PBXFileReference; includeInIndex = 1; lastKnownFileType = text.xcconfig; name = "Pods-MiaryTests.debug.xcconfig"; path = "Target Support Files/Pods-MiaryTests/Pods-MiaryTests.debug.xcconfig"; sourceTree = "<group>"; };
		FBB69CD0FC084E72FD280FCB /* Pods-MiaryTests.release.xcconfig */ = {isa = PBXFileReference; includeInIndex = 1; lastKnownFileType = text.xcconfig; name = "Pods-MiaryTests.release.xcconfig"; path = "Target Support Files/Pods-MiaryTests/Pods-MiaryTests.release.xcconfig"; sourceTree = "<group>"; };
/* End PBXFileReference section */

/* Begin PBXFrameworksBuildPhase section */
		781F0DB8240A75B5004BEA26 /* Frameworks */ = {
			isa = PBXFrameworksBuildPhase;
			buildActionMask = 2147483647;
			files = (
				D7C8EBB5DDA08BD8D5A9F269 /* Pods_Miary.framework in Frameworks */,
			);
			runOnlyForDeploymentPostprocessing = 0;
		};
		781F0DCE240A75B6004BEA26 /* Frameworks */ = {
			isa = PBXFrameworksBuildPhase;
			buildActionMask = 2147483647;
			files = (
				2835CA5E69B4A83D0A477E33 /* Pods_MiaryTests.framework in Frameworks */,
			);
			runOnlyForDeploymentPostprocessing = 0;
		};
/* End PBXFrameworksBuildPhase section */

/* Begin PBXGroup section */
		7801B0CE2414E6D0009B796E /* common */ = {
			isa = PBXGroup;
			children = (
				7801B0CF2414E6D7009B796E /* views */,
			);
			path = common;
			sourceTree = "<group>";
		};
		7801B0CF2414E6D7009B796E /* views */ = {
			isa = PBXGroup;
			children = (
				7801B0D22414E77A009B796E /* MNavigationBar.swift */,
				7801B0D42414E782009B796E /* MNavigationBar.xib */,
			);
			path = views;
			sourceTree = "<group>";
		};
		7801B0D9241506CF009B796E /* views */ = {
			isa = PBXGroup;
			children = (
				7801B0DA241506FE009B796E /* FeedSortView.swift */,
				7801B0DC24150C49009B796E /* FeedSortView.xib */,
				783EF3A4241D29AC003E5326 /* FeedView.swift */,
				783EF3A5241D29AC003E5326 /* FeedView.xib */,
			);
			path = views;
			sourceTree = "<group>";
		};
		78141086240AAB1B003FE0B2 /* storyboards */ = {
			isa = PBXGroup;
			children = (
				781F0DC4240A75B5004BEA26 /* Main.storyboard */,
				781F0DC9240A75B6004BEA26 /* LaunchScreen.storyboard */,
				78141087240AAB37003FE0B2 /* Splash.storyboard */,
			);
			path = storyboards;
			sourceTree = "<group>";
		};
		78141089240AAB62003FE0B2 /* splash */ = {
			isa = PBXGroup;
			children = (
				7814108A240AABDD003FE0B2 /* SplashViewController.swift */,
			);
			path = splash;
			sourceTree = "<group>";
		};
		781F0DB2240A75B4004BEA26 = {
			isa = PBXGroup;
			children = (
				781F0DBD240A75B5004BEA26 /* Miary */,
				781F0DD4240A75B6004BEA26 /* MiaryTests */,
				781F0DBC240A75B5004BEA26 /* Products */,
				9DA196E154B7EA404A8ADAC2 /* Pods */,
				803553E0A366558F0446B015 /* Frameworks */,
			);
			sourceTree = "<group>";
		};
		781F0DBC240A75B5004BEA26 /* Products */ = {
			isa = PBXGroup;
			children = (
				781F0DBB240A75B5004BEA26 /* Miary.app */,
				781F0DD1240A75B6004BEA26 /* MiaryTests.xctest */,
			);
			name = Products;
			sourceTree = "<group>";
		};
		781F0DBD240A75B5004BEA26 /* Miary */ = {
			isa = PBXGroup;
			children = (
				783EF3AA241D2E65003E5326 /* database */,
				7801B0CE2414E6D0009B796E /* common */,
				786A026E2414DDC90048C561 /* playlist */,
				786A02662414D6600048C561 /* profile */,
				786A02612414CD160048C561 /* feed */,
				786A025C2414C54B0048C561 /* network */,
				78141089240AAB62003FE0B2 /* splash */,
				78141086240AAB1B003FE0B2 /* storyboards */,
				783468DF240A8197008F7410 /* Miary.entitlements */,
				781F0DBE240A75B5004BEA26 /* AppDelegate.swift */,
				781F0DC7240A75B6004BEA26 /* Assets.xcassets */,
				781F0DCC240A75B6004BEA26 /* Info.plist */,
				786A02642414D0AE0048C561 /* Dock.swift */,
			);
			path = Miary;
			sourceTree = "<group>";
		};
		781F0DD4240A75B6004BEA26 /* MiaryTests */ = {
			isa = PBXGroup;
			children = (
				781F0DD5240A75B6004BEA26 /* MiaryTests.swift */,
				781F0DD7240A75B6004BEA26 /* Info.plist */,
			);
			path = MiaryTests;
			sourceTree = "<group>";
		};
		783EF3AA241D2E65003E5326 /* database */ = {
			isa = PBXGroup;
			children = (
				783EF3AB241D2E8D003E5326 /* RealmDatabaseModel.swift */,
			);
			path = database;
			sourceTree = "<group>";
		};
		783EF3DF241E0C65003E5326 /* views */ = {
			isa = PBXGroup;
			children = (
				783EF3DD241E0C5B003E5326 /* PlayListSummaryView.swift */,
				783EF3E0241E0C78003E5326 /* PlayListSummaryView.xib */,
				783EF3E3241E1397003E5326 /* PlayListSummaryTableViewCell.swift */,
				783EF3E4241E1397003E5326 /* PlayListSummaryTableViewCell.xib */,
			);
			path = views;
			sourceTree = "<group>";
		};
		783EF3E7241E14EB003E5326 /* model */ = {
			isa = PBXGroup;
			children = (
				783EF3E8241E1527003E5326 /* PlayListItem.swift */,
			);
			path = model;
			sourceTree = "<group>";
		};
		786A025C2414C54B0048C561 /* network */ = {
			isa = PBXGroup;
			children = (
				786A026D2414DD8A0048C561 /* model */,
				786A025D2414C55E0048C561 /* MusicApi.swift */,
				786A026B2414DD770048C561 /* WeatherApi.swift */,
			);
			path = network;
			sourceTree = "<group>";
		};
		786A02612414CD160048C561 /* feed */ = {
			isa = PBXGroup;
			children = (
				7801B0D9241506CF009B796E /* views */,
				786A02622414CD290048C561 /* FeedViewController.swift */,
				7801B0D724150641009B796E /* FeedCreationViewController.swift */,
				786A02712414E2910048C561 /* FeedViewModel.swift */,
				783EF3A8241D2C15003E5326 /* FeedItem.swift */,
				783EF3DB241DF6F8003E5326 /* FeedDetailViewController.swift */,
			);
			path = feed;
			sourceTree = "<group>";
		};
		786A02662414D6600048C561 /* profile */ = {
			isa = PBXGroup;
			children = (
				786A02692414DD5F0048C561 /* views */,
				786A02672414D66D0048C561 /* ProfileViewController.swift */,
			);
			path = profile;
			sourceTree = "<group>";
		};
		786A02692414DD5F0048C561 /* views */ = {
			isa = PBXGroup;
			children = (
			);
			path = views;
			sourceTree = "<group>";
		};
		786A026D2414DD8A0048C561 /* model */ = {
			isa = PBXGroup;
			children = (
				786A025F2414C6670048C561 /* MusicModel.swift */,
			);
			path = model;
			sourceTree = "<group>";
		};
		786A026E2414DDC90048C561 /* playlist */ = {
			isa = PBXGroup;
			children = (
				783EF3E7241E14EB003E5326 /* model */,
				783EF3DF241E0C65003E5326 /* views */,
				786A026F2414DDD90048C561 /* PlayListViewController.swift */,
			);
			path = playlist;
			sourceTree = "<group>";
		};
		803553E0A366558F0446B015 /* Frameworks */ = {
			isa = PBXGroup;
			children = (
				4CC18D54F74CF78B23A2AE75 /* Pods_Miary.framework */,
				9800BF288E152B9E5A0079BA /* Pods_MiaryTests.framework */,
			);
			name = Frameworks;
			sourceTree = "<group>";
		};
		9DA196E154B7EA404A8ADAC2 /* Pods */ = {
			isa = PBXGroup;
			children = (
				C3FBEE8A5DFEE524643D0285 /* Pods-Miary.debug.xcconfig */,
				870A5C5608967C3D2FCDD548 /* Pods-Miary.release.xcconfig */,
				D0386002D4F4743B4ADB5DC7 /* Pods-MiaryTests.debug.xcconfig */,
				FBB69CD0FC084E72FD280FCB /* Pods-MiaryTests.release.xcconfig */,
			);
			path = Pods;
			sourceTree = "<group>";
		};
/* End PBXGroup section */

/* Begin PBXNativeTarget section */
		781F0DBA240A75B5004BEA26 /* Miary */ = {
			isa = PBXNativeTarget;
			buildConfigurationList = 781F0DDA240A75B6004BEA26 /* Build configuration list for PBXNativeTarget "Miary" */;
			buildPhases = (
				D3DA8D723BF7EAE362CD817C /* [CP] Check Pods Manifest.lock */,
				781F0DB7240A75B5004BEA26 /* Sources */,
				781F0DB8240A75B5004BEA26 /* Frameworks */,
				781F0DB9240A75B5004BEA26 /* Resources */,
				D3F10E2704D98FA9C0EC2341 /* [CP] Embed Pods Frameworks */,
			);
			buildRules = (
			);
			dependencies = (
			);
			name = Miary;
			productName = Miary;
			productReference = 781F0DBB240A75B5004BEA26 /* Miary.app */;
			productType = "com.apple.product-type.application";
		};
		781F0DD0240A75B6004BEA26 /* MiaryTests */ = {
			isa = PBXNativeTarget;
			buildConfigurationList = 781F0DDD240A75B6004BEA26 /* Build configuration list for PBXNativeTarget "MiaryTests" */;
			buildPhases = (
				5A336F685D30FAE8B2C8B62D /* [CP] Check Pods Manifest.lock */,
				781F0DCD240A75B6004BEA26 /* Sources */,
				781F0DCE240A75B6004BEA26 /* Frameworks */,
				781F0DCF240A75B6004BEA26 /* Resources */,
			);
			buildRules = (
			);
			dependencies = (
				781F0DD3240A75B6004BEA26 /* PBXTargetDependency */,
			);
			name = MiaryTests;
			productName = MiaryTests;
			productReference = 781F0DD1240A75B6004BEA26 /* MiaryTests.xctest */;
			productType = "com.apple.product-type.bundle.unit-test";
		};
/* End PBXNativeTarget section */

/* Begin PBXProject section */
		781F0DB3240A75B4004BEA26 /* Project object */ = {
			isa = PBXProject;
			attributes = {
				LastSwiftUpdateCheck = 1130;
				LastUpgradeCheck = 1130;
				ORGANIZATIONNAME = "Euijoon Jung";
				TargetAttributes = {
					781F0DBA240A75B5004BEA26 = {
						CreatedOnToolsVersion = 11.3.1;
					};
					781F0DD0240A75B6004BEA26 = {
						CreatedOnToolsVersion = 11.3.1;
						TestTargetID = 781F0DBA240A75B5004BEA26;
					};
				};
			};
			buildConfigurationList = 781F0DB6240A75B4004BEA26 /* Build configuration list for PBXProject "Miary" */;
			compatibilityVersion = "Xcode 9.3";
			developmentRegion = en;
			hasScannedForEncodings = 0;
			knownRegions = (
				en,
				Base,
			);
			mainGroup = 781F0DB2240A75B4004BEA26;
			productRefGroup = 781F0DBC240A75B5004BEA26 /* Products */;
			projectDirPath = "";
			projectRoot = "";
			targets = (
				781F0DBA240A75B5004BEA26 /* Miary */,
				781F0DD0240A75B6004BEA26 /* MiaryTests */,
			);
		};
/* End PBXProject section */

/* Begin PBXResourcesBuildPhase section */
		781F0DB9240A75B5004BEA26 /* Resources */ = {
			isa = PBXResourcesBuildPhase;
			buildActionMask = 2147483647;
			files = (
				783EF3A7241D29AC003E5326 /* FeedView.xib in Resources */,
				781F0DCB240A75B6004BEA26 /* LaunchScreen.storyboard in Resources */,
				781F0DC8240A75B6004BEA26 /* Assets.xcassets in Resources */,
				783EF3E1241E0C78003E5326 /* PlayListSummaryView.xib in Resources */,
				783EF3E6241E1397003E5326 /* PlayListSummaryTableViewCell.xib in Resources */,
				781F0DC6240A75B5004BEA26 /* Main.storyboard in Resources */,
				78141088240AAB37003FE0B2 /* Splash.storyboard in Resources */,
				7801B0DD24150C49009B796E /* FeedSortView.xib in Resources */,
				7801B0D52414E782009B796E /* MNavigationBar.xib in Resources */,
			);
			runOnlyForDeploymentPostprocessing = 0;
		};
		781F0DCF240A75B6004BEA26 /* Resources */ = {
			isa = PBXResourcesBuildPhase;
			buildActionMask = 2147483647;
			files = (
			);
			runOnlyForDeploymentPostprocessing = 0;
		};
/* End PBXResourcesBuildPhase section */

/* Begin PBXShellScriptBuildPhase section */
		5A336F685D30FAE8B2C8B62D /* [CP] Check Pods Manifest.lock */ = {
			isa = PBXShellScriptBuildPhase;
			buildActionMask = 2147483647;
			files = (
			);
			inputFileListPaths = (
			);
			inputPaths = (
				"${PODS_PODFILE_DIR_PATH}/Podfile.lock",
				"${PODS_ROOT}/Manifest.lock",
			);
			name = "[CP] Check Pods Manifest.lock";
			outputFileListPaths = (
			);
			outputPaths = (
				"$(DERIVED_FILE_DIR)/Pods-MiaryTests-checkManifestLockResult.txt",
			);
			runOnlyForDeploymentPostprocessing = 0;
			shellPath = /bin/sh;
			shellScript = "diff \"${PODS_PODFILE_DIR_PATH}/Podfile.lock\" \"${PODS_ROOT}/Manifest.lock\" > /dev/null\nif [ $? != 0 ] ; then\n    # print error to STDERR\n    echo \"error: The sandbox is not in sync with the Podfile.lock. Run 'pod install' or update your CocoaPods installation.\" >&2\n    exit 1\nfi\n# This output is used by Xcode 'outputs' to avoid re-running this script phase.\necho \"SUCCESS\" > \"${SCRIPT_OUTPUT_FILE_0}\"\n";
			showEnvVarsInLog = 0;
		};
		D3DA8D723BF7EAE362CD817C /* [CP] Check Pods Manifest.lock */ = {
			isa = PBXShellScriptBuildPhase;
			buildActionMask = 2147483647;
			files = (
			);
			inputFileListPaths = (
			);
			inputPaths = (
				"${PODS_PODFILE_DIR_PATH}/Podfile.lock",
				"${PODS_ROOT}/Manifest.lock",
			);
			name = "[CP] Check Pods Manifest.lock";
			outputFileListPaths = (
			);
			outputPaths = (
				"$(DERIVED_FILE_DIR)/Pods-Miary-checkManifestLockResult.txt",
			);
			runOnlyForDeploymentPostprocessing = 0;
			shellPath = /bin/sh;
			shellScript = "diff \"${PODS_PODFILE_DIR_PATH}/Podfile.lock\" \"${PODS_ROOT}/Manifest.lock\" > /dev/null\nif [ $? != 0 ] ; then\n    # print error to STDERR\n    echo \"error: The sandbox is not in sync with the Podfile.lock. Run 'pod install' or update your CocoaPods installation.\" >&2\n    exit 1\nfi\n# This output is used by Xcode 'outputs' to avoid re-running this script phase.\necho \"SUCCESS\" > \"${SCRIPT_OUTPUT_FILE_0}\"\n";
			showEnvVarsInLog = 0;
		};
		D3F10E2704D98FA9C0EC2341 /* [CP] Embed Pods Frameworks */ = {
			isa = PBXShellScriptBuildPhase;
			buildActionMask = 2147483647;
			files = (
			);
			inputFileListPaths = (
				"${PODS_ROOT}/Target Support Files/Pods-Miary/Pods-Miary-frameworks-${CONFIGURATION}-input-files.xcfilelist",
			);
			name = "[CP] Embed Pods Frameworks";
			outputFileListPaths = (
				"${PODS_ROOT}/Target Support Files/Pods-Miary/Pods-Miary-frameworks-${CONFIGURATION}-output-files.xcfilelist",
			);
			runOnlyForDeploymentPostprocessing = 0;
			shellPath = /bin/sh;
			shellScript = "\"${PODS_ROOT}/Target Support Files/Pods-Miary/Pods-Miary-frameworks.sh\"\n";
			showEnvVarsInLog = 0;
		};
/* End PBXShellScriptBuildPhase section */

/* Begin PBXSourcesBuildPhase section */
		781F0DB7240A75B5004BEA26 /* Sources */ = {
			isa = PBXSourcesBuildPhase;
			buildActionMask = 2147483647;
			files = (
				783EF3A6241D29AC003E5326 /* FeedView.swift in Sources */,
				786A02722414E2910048C561 /* FeedViewModel.swift in Sources */,
				7801B0D32414E77A009B796E /* MNavigationBar.swift in Sources */,
				783EF3E2241E0F21003E5326 /* PlayListSummaryView.swift in Sources */,
				786A02652414D0AE0048C561 /* Dock.swift in Sources */,
				783EF3E5241E1397003E5326 /* PlayListSummaryTableViewCell.swift in Sources */,
				786A025E2414C55E0048C561 /* MusicApi.swift in Sources */,
				7801B0DB241506FE009B796E /* FeedSortView.swift in Sources */,
				7814108B240AABDD003FE0B2 /* SplashViewController.swift in Sources */,
				786A02602414C6670048C561 /* MusicModel.swift in Sources */,
				783EF3A9241D2C15003E5326 /* FeedItem.swift in Sources */,
				786A02632414CD290048C561 /* FeedViewController.swift in Sources */,
				783EF3AC241D2E8D003E5326 /* RealmDatabaseModel.swift in Sources */,
				783EF3DC241DF6F8003E5326 /* FeedDetailViewController.swift in Sources */,
				786A026C2414DD770048C561 /* WeatherApi.swift in Sources */,
				786A02682414D66D0048C561 /* ProfileViewController.swift in Sources */,
				781F0DBF240A75B5004BEA26 /* AppDelegate.swift in Sources */,
				7801B0D824150641009B796E /* FeedCreationViewController.swift in Sources */,
				783EF3E9241E1527003E5326 /* PlayListItem.swift in Sources */,
				786A02702414DDD90048C561 /* PlayListViewController.swift in Sources */,
			);
			runOnlyForDeploymentPostprocessing = 0;
		};
		781F0DCD240A75B6004BEA26 /* Sources */ = {
			isa = PBXSourcesBuildPhase;
			buildActionMask = 2147483647;
			files = (
				781F0DD6240A75B6004BEA26 /* MiaryTests.swift in Sources */,
			);
			runOnlyForDeploymentPostprocessing = 0;
		};
/* End PBXSourcesBuildPhase section */

/* Begin PBXTargetDependency section */
		781F0DD3240A75B6004BEA26 /* PBXTargetDependency */ = {
			isa = PBXTargetDependency;
			target = 781F0DBA240A75B5004BEA26 /* Miary */;
			targetProxy = 781F0DD2240A75B6004BEA26 /* PBXContainerItemProxy */;
		};
/* End PBXTargetDependency section */

/* Begin PBXVariantGroup section */
		781F0DC4240A75B5004BEA26 /* Main.storyboard */ = {
			isa = PBXVariantGroup;
			children = (
				781F0DC5240A75B5004BEA26 /* Base */,
			);
			name = Main.storyboard;
			sourceTree = "<group>";
		};
		781F0DC9240A75B6004BEA26 /* LaunchScreen.storyboard */ = {
			isa = PBXVariantGroup;
			children = (
				781F0DCA240A75B6004BEA26 /* Base */,
			);
			name = LaunchScreen.storyboard;
			sourceTree = "<group>";
		};
/* End PBXVariantGroup section */

/* Begin XCBuildConfiguration section */
		781F0DD8240A75B6004BEA26 /* Debug */ = {
			isa = XCBuildConfiguration;
			buildSettings = {
				ALWAYS_SEARCH_USER_PATHS = NO;
				CLANG_ANALYZER_NONNULL = YES;
				CLANG_ANALYZER_NUMBER_OBJECT_CONVERSION = YES_AGGRESSIVE;
				CLANG_CXX_LANGUAGE_STANDARD = "gnu++14";
				CLANG_CXX_LIBRARY = "libc++";
				CLANG_ENABLE_MODULES = YES;
				CLANG_ENABLE_OBJC_ARC = YES;
				CLANG_ENABLE_OBJC_WEAK = YES;
				CLANG_WARN_BLOCK_CAPTURE_AUTORELEASING = YES;
				CLANG_WARN_BOOL_CONVERSION = YES;
				CLANG_WARN_COMMA = YES;
				CLANG_WARN_CONSTANT_CONVERSION = YES;
				CLANG_WARN_DEPRECATED_OBJC_IMPLEMENTATIONS = YES;
				CLANG_WARN_DIRECT_OBJC_ISA_USAGE = YES_ERROR;
				CLANG_WARN_DOCUMENTATION_COMMENTS = YES;
				CLANG_WARN_EMPTY_BODY = YES;
				CLANG_WARN_ENUM_CONVERSION = YES;
				CLANG_WARN_INFINITE_RECURSION = YES;
				CLANG_WARN_INT_CONVERSION = YES;
				CLANG_WARN_NON_LITERAL_NULL_CONVERSION = YES;
				CLANG_WARN_OBJC_IMPLICIT_RETAIN_SELF = YES;
				CLANG_WARN_OBJC_LITERAL_CONVERSION = YES;
				CLANG_WARN_OBJC_ROOT_CLASS = YES_ERROR;
				CLANG_WARN_RANGE_LOOP_ANALYSIS = YES;
				CLANG_WARN_STRICT_PROTOTYPES = YES;
				CLANG_WARN_SUSPICIOUS_MOVE = YES;
				CLANG_WARN_UNGUARDED_AVAILABILITY = YES_AGGRESSIVE;
				CLANG_WARN_UNREACHABLE_CODE = YES;
				CLANG_WARN__DUPLICATE_METHOD_MATCH = YES;
				COPY_PHASE_STRIP = NO;
				DEBUG_INFORMATION_FORMAT = dwarf;
				ENABLE_STRICT_OBJC_MSGSEND = YES;
				ENABLE_TESTABILITY = YES;
				GCC_C_LANGUAGE_STANDARD = gnu11;
				GCC_DYNAMIC_NO_PIC = NO;
				GCC_NO_COMMON_BLOCKS = YES;
				GCC_OPTIMIZATION_LEVEL = 0;
				GCC_PREPROCESSOR_DEFINITIONS = (
					"DEBUG=1",
					"$(inherited)",
				);
				GCC_WARN_64_TO_32_BIT_CONVERSION = YES;
				GCC_WARN_ABOUT_RETURN_TYPE = YES_ERROR;
				GCC_WARN_UNDECLARED_SELECTOR = YES;
				GCC_WARN_UNINITIALIZED_AUTOS = YES_AGGRESSIVE;
				GCC_WARN_UNUSED_FUNCTION = YES;
				GCC_WARN_UNUSED_VARIABLE = YES;
				IPHONEOS_DEPLOYMENT_TARGET = 13.2;
				MTL_ENABLE_DEBUG_INFO = INCLUDE_SOURCE;
				MTL_FAST_MATH = YES;
				ONLY_ACTIVE_ARCH = YES;
				SDKROOT = iphoneos;
				SWIFT_ACTIVE_COMPILATION_CONDITIONS = DEBUG;
				SWIFT_OPTIMIZATION_LEVEL = "-Onone";
			};
			name = Debug;
		};
		781F0DD9240A75B6004BEA26 /* Release */ = {
			isa = XCBuildConfiguration;
			buildSettings = {
				ALWAYS_SEARCH_USER_PATHS = NO;
				CLANG_ANALYZER_NONNULL = YES;
				CLANG_ANALYZER_NUMBER_OBJECT_CONVERSION = YES_AGGRESSIVE;
				CLANG_CXX_LANGUAGE_STANDARD = "gnu++14";
				CLANG_CXX_LIBRARY = "libc++";
				CLANG_ENABLE_MODULES = YES;
				CLANG_ENABLE_OBJC_ARC = YES;
				CLANG_ENABLE_OBJC_WEAK = YES;
				CLANG_WARN_BLOCK_CAPTURE_AUTORELEASING = YES;
				CLANG_WARN_BOOL_CONVERSION = YES;
				CLANG_WARN_COMMA = YES;
				CLANG_WARN_CONSTANT_CONVERSION = YES;
				CLANG_WARN_DEPRECATED_OBJC_IMPLEMENTATIONS = YES;
				CLANG_WARN_DIRECT_OBJC_ISA_USAGE = YES_ERROR;
				CLANG_WARN_DOCUMENTATION_COMMENTS = YES;
				CLANG_WARN_EMPTY_BODY = YES;
				CLANG_WARN_ENUM_CONVERSION = YES;
				CLANG_WARN_INFINITE_RECURSION = YES;
				CLANG_WARN_INT_CONVERSION = YES;
				CLANG_WARN_NON_LITERAL_NULL_CONVERSION = YES;
				CLANG_WARN_OBJC_IMPLICIT_RETAIN_SELF = YES;
				CLANG_WARN_OBJC_LITERAL_CONVERSION = YES;
				CLANG_WARN_OBJC_ROOT_CLASS = YES_ERROR;
				CLANG_WARN_RANGE_LOOP_ANALYSIS = YES;
				CLANG_WARN_STRICT_PROTOTYPES = YES;
				CLANG_WARN_SUSPICIOUS_MOVE = YES;
				CLANG_WARN_UNGUARDED_AVAILABILITY = YES_AGGRESSIVE;
				CLANG_WARN_UNREACHABLE_CODE = YES;
				CLANG_WARN__DUPLICATE_METHOD_MATCH = YES;
				COPY_PHASE_STRIP = NO;
				DEBUG_INFORMATION_FORMAT = "dwarf-with-dsym";
				ENABLE_NS_ASSERTIONS = NO;
				ENABLE_STRICT_OBJC_MSGSEND = YES;
				GCC_C_LANGUAGE_STANDARD = gnu11;
				GCC_NO_COMMON_BLOCKS = YES;
				GCC_WARN_64_TO_32_BIT_CONVERSION = YES;
				GCC_WARN_ABOUT_RETURN_TYPE = YES_ERROR;
				GCC_WARN_UNDECLARED_SELECTOR = YES;
				GCC_WARN_UNINITIALIZED_AUTOS = YES_AGGRESSIVE;
				GCC_WARN_UNUSED_FUNCTION = YES;
				GCC_WARN_UNUSED_VARIABLE = YES;
				IPHONEOS_DEPLOYMENT_TARGET = 13.2;
				MTL_ENABLE_DEBUG_INFO = NO;
				MTL_FAST_MATH = YES;
				SDKROOT = iphoneos;
				SWIFT_COMPILATION_MODE = wholemodule;
				SWIFT_OPTIMIZATION_LEVEL = "-O";
				VALIDATE_PRODUCT = YES;
			};
			name = Release;
		};
		781F0DDB240A75B6004BEA26 /* Debug */ = {
			isa = XCBuildConfiguration;
			baseConfigurationReference = C3FBEE8A5DFEE524643D0285 /* Pods-Miary.debug.xcconfig */;
			buildSettings = {
				ASSETCATALOG_COMPILER_APPICON_NAME = AppIcon;
				CODE_SIGN_ENTITLEMENTS = Miary/Miary.entitlements;
				CODE_SIGN_STYLE = Automatic;
				DEVELOPMENT_TEAM = 9HQ4YMXN74;
				INFOPLIST_FILE = Miary/Info.plist;
				LD_RUNPATH_SEARCH_PATHS = (
					"$(inherited)",
					"@executable_path/Frameworks",
				);
				PRODUCT_BUNDLE_IDENTIFIER = com.euijoon.miary;
				PRODUCT_NAME = "$(TARGET_NAME)";
				SWIFT_VERSION = 5.0;
				TARGETED_DEVICE_FAMILY = 1;
				musicToken = "eyJhbGciOiJFUzI1NiIsInR5cCI6IkpXVCIsImtpZCI6IkM0V0tENENHREEifQ.eyJpYXQiOjE1ODMwNzcxMDMsImV4cCI6MTU5ODYyOTEwMywiaXNzIjoiOUhRNFlNWE43NCJ9.2j-gZ1oq74c_kLFWg1fr0qu1FFQGMuUVnd77aBxJSRQKkRUIGC_YLHOJ5F7tI8ApDVYoJFKnAZiMfR7YRewTMQ";
			};
			name = Debug;
		};
		781F0DDC240A75B6004BEA26 /* Release */ = {
			isa = XCBuildConfiguration;
			baseConfigurationReference = 870A5C5608967C3D2FCDD548 /* Pods-Miary.release.xcconfig */;
			buildSettings = {
				ASSETCATALOG_COMPILER_APPICON_NAME = AppIcon;
				CODE_SIGN_ENTITLEMENTS = Miary/Miary.entitlements;
				CODE_SIGN_STYLE = Automatic;
				DEVELOPMENT_TEAM = 9HQ4YMXN74;
				INFOPLIST_FILE = Miary/Info.plist;
				LD_RUNPATH_SEARCH_PATHS = (
					"$(inherited)",
					"@executable_path/Frameworks",
				);
				PRODUCT_BUNDLE_IDENTIFIER = com.euijoon.miary;
				PRODUCT_NAME = "$(TARGET_NAME)";
				SWIFT_VERSION = 5.0;
				TARGETED_DEVICE_FAMILY = 1;
				musicToken = "eyJhbGciOiJFUzI1NiIsInR5cCI6IkpXVCIsImtpZCI6IkM0V0tENENHREEifQ.eyJpYXQiOjE1ODMwNzcxMDMsImV4cCI6MTU5ODYyOTEwMywiaXNzIjoiOUhRNFlNWE43NCJ9.2j-gZ1oq74c_kLFWg1fr0qu1FFQGMuUVnd77aBxJSRQKkRUIGC_YLHOJ5F7tI8ApDVYoJFKnAZiMfR7YRewTMQ";
			};
			name = Release;
		};
		781F0DDE240A75B6004BEA26 /* Debug */ = {
			isa = XCBuildConfiguration;
			baseConfigurationReference = D0386002D4F4743B4ADB5DC7 /* Pods-MiaryTests.debug.xcconfig */;
			buildSettings = {
				ALWAYS_EMBED_SWIFT_STANDARD_LIBRARIES = YES;
				BUNDLE_LOADER = "$(TEST_HOST)";
				CODE_SIGN_STYLE = Automatic;
				DEVELOPMENT_TEAM = 9HQ4YMXN74;
				INFOPLIST_FILE = MiaryTests/Info.plist;
				IPHONEOS_DEPLOYMENT_TARGET = 13.2;
				LD_RUNPATH_SEARCH_PATHS = (
					"$(inherited)",
					"@executable_path/Frameworks",
					"@loader_path/Frameworks",
				);
				PRODUCT_BUNDLE_IDENTIFIER = com.euijoon.MiaryTests;
				PRODUCT_NAME = "$(TARGET_NAME)";
				SWIFT_VERSION = 5.0;
				TARGETED_DEVICE_FAMILY = "1,2";
				TEST_HOST = "$(BUILT_PRODUCTS_DIR)/Miary.app/Miary";
			};
			name = Debug;
		};
		781F0DDF240A75B6004BEA26 /* Release */ = {
			isa = XCBuildConfiguration;
			baseConfigurationReference = FBB69CD0FC084E72FD280FCB /* Pods-MiaryTests.release.xcconfig */;
			buildSettings = {
				ALWAYS_EMBED_SWIFT_STANDARD_LIBRARIES = YES;
				BUNDLE_LOADER = "$(TEST_HOST)";
				CODE_SIGN_STYLE = Automatic;
				DEVELOPMENT_TEAM = 9HQ4YMXN74;
				INFOPLIST_FILE = MiaryTests/Info.plist;
				IPHONEOS_DEPLOYMENT_TARGET = 13.2;
				LD_RUNPATH_SEARCH_PATHS = (
					"$(inherited)",
					"@executable_path/Frameworks",
					"@loader_path/Frameworks",
				);
				PRODUCT_BUNDLE_IDENTIFIER = com.euijoon.MiaryTests;
				PRODUCT_NAME = "$(TARGET_NAME)";
				SWIFT_VERSION = 5.0;
				TARGETED_DEVICE_FAMILY = "1,2";
				TEST_HOST = "$(BUILT_PRODUCTS_DIR)/Miary.app/Miary";
			};
			name = Release;
		};
/* End XCBuildConfiguration section */

/* Begin XCConfigurationList section */
		781F0DB6240A75B4004BEA26 /* Build configuration list for PBXProject "Miary" */ = {
			isa = XCConfigurationList;
			buildConfigurations = (
				781F0DD8240A75B6004BEA26 /* Debug */,
				781F0DD9240A75B6004BEA26 /* Release */,
			);
			defaultConfigurationIsVisible = 0;
			defaultConfigurationName = Release;
		};
		781F0DDA240A75B6004BEA26 /* Build configuration list for PBXNativeTarget "Miary" */ = {
			isa = XCConfigurationList;
			buildConfigurations = (
				781F0DDB240A75B6004BEA26 /* Debug */,
				781F0DDC240A75B6004BEA26 /* Release */,
			);
			defaultConfigurationIsVisible = 0;
			defaultConfigurationName = Release;
		};
		781F0DDD240A75B6004BEA26 /* Build configuration list for PBXNativeTarget "MiaryTests" */ = {
			isa = XCConfigurationList;
			buildConfigurations = (
				781F0DDE240A75B6004BEA26 /* Debug */,
				781F0DDF240A75B6004BEA26 /* Release */,
			);
			defaultConfigurationIsVisible = 0;
			defaultConfigurationName = Release;
		};
/* End XCConfigurationList section */
	};
	rootObject = 781F0DB3240A75B4004BEA26 /* Project object */;
}
